
Microsoft Visual Studio Solution File, Format Version 12.00
# Visual Studio Version 16
VisualStudioVersion = 16.0.31702.278
MinimumVisualStudioVersion = 10.0.40219.1
Project("{FAE04EC0-301F-11D3-BF4B-00C04F79EFBC}") = "InventorySystem", "Menu\InventorySystem.csproj", "{04A0A6C3-EF5C-4E4C-AC1E-426C6AE5C039}"
EndProject
Global
	GlobalSection(SolutionConfigurationPlatforms) = preSolution
		Debug|Any CPU = Debug|Any CPU
		Release|Any CPU = Release|Any CPU
	EndGlobalSection
	GlobalSection(ProjectConfigurationPlatforms) = postSolution
		{04A0A6C3-EF5C-4E4C-AC1E-426C6AE5C039}.Debug|Any CPU.ActiveCfg = Debug|Any CPU
		{04A0A6C3-EF5C-4E4C-AC1E-426C6AE5C039}.Debug|Any CPU.Build.0 = Debug|Any CPU
		{04A0A6C3-EF5C-4E4C-AC1E-426C6AE5C039}.Release|Any CPU.ActiveCfg = Release|Any CPU
		{04A0A6C3-EF5C-4E4C-AC1E-426C6AE5C039}.Release|Any CPU.Build.0 = Release|Any CPU
	EndGlobalSection
	GlobalSection(SolutionProperties) = preSolution
		HideSolutionNode = FALSE
	EndGlobalSection
	GlobalSection(ExtensibilityGlobals) = postSolution
		SolutionGuid = {82B986B3-38DE-404C-BCB3-01218733DF9B}
	EndGlobalSection
EndGlobal
